
Microsoft Visual Studio Solution File, Format Version 12.00
# Visual Studio Version 17
VisualStudioVersion = 17.12.35527.113 d17.12
MinimumVisualStudioVersion = 10.0.40219.1
Project("{888888A0-9F3D-457C-B088-3A5042F75D52}") = "AdorableRaccoon_FinalProject", "AdorableRaccoon_FinalProject\AdorableRaccoon_FinalProject.pyproj", "{0B0056FA-7E80-4EA8-BF6C-04F312F3D8E5}"
EndProject
Global
	GlobalSection(SolutionConfigurationPlatforms) = preSolution
		Debug|Any CPU = Debug|Any CPU
		Release|Any CPU = Release|Any CPU
	EndGlobalSection
	GlobalSection(ProjectConfigurationPlatforms) = postSolution
		{0B0056FA-7E80-4EA8-BF6C-04F312F3D8E5}.Debug|Any CPU.ActiveCfg = Debug|Any CPU
		{0B0056FA-7E80-4EA8-BF6C-04F312F3D8E5}.Release|Any CPU.ActiveCfg = Release|Any CPU
	EndGlobalSection
	GlobalSection(SolutionProperties) = preSolution
		HideSolutionNode = FALSE
	EndGlobalSection
EndGlobal
